
Microsoft Visual Studio Solution File, Format Version 12.00
# Visual Studio 15
VisualStudioVersion = 15.0.27130.0
MinimumVisualStudioVersion = 10.0.40219.1
Project("{FAE04EC0-301F-11D3-BF4B-00C04F79EFBC}") = "ConsoleApp4", "ConsoleApp4\ConsoleApp4.csproj", "{113DF3AB-F7A2-464A-9E6D-4AB649E6C186}"
EndProject
Global
	GlobalSection(SolutionConfigurationPlatforms) = preSolution
		Debug|Any CPU = Debug|Any CPU
		Release|Any CPU = Release|Any CPU
	EndGlobalSection
	GlobalSection(ProjectConfigurationPlatforms) = postSolution
		{113DF3AB-F7A2-464A-9E6D-4AB649E6C186}.Debug|Any CPU.ActiveCfg = Debug|Any CPU
		{113DF3AB-F7A2-464A-9E6D-4AB649E6C186}.Debug|Any CPU.Build.0 = Debug|Any CPU
		{113DF3AB-F7A2-464A-9E6D-4AB649E6C186}.Release|Any CPU.ActiveCfg = Release|Any CPU
		{113DF3AB-F7A2-464A-9E6D-4AB649E6C186}.Release|Any CPU.Build.0 = Release|Any CPU
	EndGlobalSection
	GlobalSection(SolutionProperties) = preSolution
		HideSolutionNode = FALSE
	EndGlobalSection
	GlobalSection(ExtensibilityGlobals) = postSolution
		SolutionGuid = {7385418F-3047-4D72-9A83-4245C55C7F0A}
	EndGlobalSection
EndGlobal
