
Microsoft Visual Studio Solution File, Format Version 12.00
# Visual Studio 15
VisualStudioVersion = 15.0.27130.0
MinimumVisualStudioVersion = 10.0.40219.1
Project("{9A19103F-16F7-4668-BE54-9A1E7A4F7556}") = "Sedgewick1.3", "C:\Users\Stitsyuk\source\repos\ConsoleApp3\Sedgewick1.3\Sedgewick1.3.csproj", "{ADBB2402-6F3B-4D88-BD14-ADB012090255}"
EndProject
Global
	GlobalSection(SolutionConfigurationPlatforms) = preSolution
		Debug|Any CPU = Debug|Any CPU
		Release|Any CPU = Release|Any CPU
	EndGlobalSection
	GlobalSection(ProjectConfigurationPlatforms) = postSolution
		{ADBB2402-6F3B-4D88-BD14-ADB012090255}.Debug|Any CPU.ActiveCfg = Debug|Any CPU
		{ADBB2402-6F3B-4D88-BD14-ADB012090255}.Debug|Any CPU.Build.0 = Debug|Any CPU
		{ADBB2402-6F3B-4D88-BD14-ADB012090255}.Release|Any CPU.ActiveCfg = Release|Any CPU
		{ADBB2402-6F3B-4D88-BD14-ADB012090255}.Release|Any CPU.Build.0 = Release|Any CPU
	EndGlobalSection
	GlobalSection(SolutionProperties) = preSolution
		HideSolutionNode = FALSE
	EndGlobalSection
	GlobalSection(ExtensibilityGlobals) = postSolution
		SolutionGuid = {9DAB7AD3-112F-4509-B64F-08875E5AA87E}
	EndGlobalSection
EndGlobal
